
Microsoft Visual Studio Solution File, Format Version 12.00
# Visual Studio 2013
VisualStudioVersion = 12.0.21005.1
MinimumVisualStudioVersion = 10.0.40219.1
Project("{2150E333-8FDC-42A3-9474-1A3956D46DE8}") = "基础类库", "基础类库", "{03FCC7DE-6A2D-4C41-A07D-B5A797B98C74}"
EndProject
Project("{2150E333-8FDC-42A3-9474-1A3956D46DE8}") = "框架", "框架", "{DFB1386C-D805-462E-8162-412F277AC567}"
EndProject
Project("{FAE04EC0-301F-11D3-BF4B-00C04F79EFBC}") = "iPower", "iPower\iPower.csproj", "{ACF5A361-DFCF-4346-921C-060DB79E7F19}"
EndProject
Project("{FAE04EC0-301F-11D3-BF4B-00C04F79EFBC}") = "iPower.Data", "iPower.Data\iPower.Data.csproj", "{49E097D0-FCDA-4CB2-A27D-CA4EDCD5403B}"
EndProject
Project("{FAE04EC0-301F-11D3-BF4B-00C04F79EFBC}") = "iPower.Resources", "iPower.Resources\iPower.Resources.csproj", "{5BAE93E8-A48C-48F6-8726-C65379B22658}"
EndProject
Project("{FAE04EC0-301F-11D3-BF4B-00C04F79EFBC}") = "iPower.Web", "iPower.Web\iPower.Web.csproj", "{6E1C506F-A613-459C-BAA2-F8A412680C1E}"
EndProject
Project("{FAE04EC0-301F-11D3-BF4B-00C04F79EFBC}") = "iPower.Web.URLRewriter", "iPower.Web.URLRewriter\iPower.Web.URLRewriter.csproj", "{385277E9-FA49-45C1-8D6F-8696B5323B7E}"
EndProject
Project("{FAE04EC0-301F-11D3-BF4B-00C04F79EFBC}") = "iPower.WinService", "iPower.WinService\iPower.WinService.csproj", "{5C700A69-C208-4B0A-A78E-BA681015EDB7}"
EndProject
Project("{FAE04EC0-301F-11D3-BF4B-00C04F79EFBC}") = "iPower.Platform", "iPower.Platform\iPower.Platform.csproj", "{349E7E3F-0050-4728-A5D5-8A7ADD0F9FAF}"
EndProject
Project("{FAE04EC0-301F-11D3-BF4B-00C04F79EFBC}") = "iPower.Platform.Documents", "iPower.Platform.Documents\iPower.Platform.Documents.csproj", "{40C744D9-1D18-43BE-9A9A-511BA2EAAFD6}"
EndProject
Project("{FAE04EC0-301F-11D3-BF4B-00C04F79EFBC}") = "iPower.Platform.Engine", "iPower.Platform.Engine\iPower.Platform.Engine.csproj", "{BF08EF30-A60B-40E1-8FAE-243E964ECBB6}"
EndProject
Project("{FAE04EC0-301F-11D3-BF4B-00C04F79EFBC}") = "iPower.Platform.UI", "iPower.Platform.UI\iPower.Platform.UI.csproj", "{F3918067-F289-4990-BFF6-A9D7064601BA}"
EndProject
Project("{FAE04EC0-301F-11D3-BF4B-00C04F79EFBC}") = "iPower.FileStorage", "iPower.FileStorage\iPower.FileStorage.csproj", "{360996BC-89FB-4906-8AE3-77380EA9BE08}"
EndProject
Project("{FAE04EC0-301F-11D3-BF4B-00C04F79EFBC}") = "iPower.WinService.Shell", "iPower.WinService.Shell\iPower.WinService.Shell.csproj", "{BAA5456F-1086-4694-AC6A-E54198CC7765}"
EndProject
Project("{FAE04EC0-301F-11D3-BF4B-00C04F79EFBC}") = "iPower.WinService.Test", "iPower.WinService.Test\iPower.WinService.Test.csproj", "{3740C7D7-3128-4C49-B5B6-49BA04254820}"
EndProject
Global
	GlobalSection(SolutionConfigurationPlatforms) = preSolution
		Debug|Any CPU = Debug|Any CPU
		Release|Any CPU = Release|Any CPU
	EndGlobalSection
	GlobalSection(ProjectConfigurationPlatforms) = postSolution
		{ACF5A361-DFCF-4346-921C-060DB79E7F19}.Debug|Any CPU.ActiveCfg = Debug|Any CPU
		{ACF5A361-DFCF-4346-921C-060DB79E7F19}.Debug|Any CPU.Build.0 = Debug|Any CPU
		{ACF5A361-DFCF-4346-921C-060DB79E7F19}.Release|Any CPU.ActiveCfg = Release|Any CPU
		{ACF5A361-DFCF-4346-921C-060DB79E7F19}.Release|Any CPU.Build.0 = Release|Any CPU
		{49E097D0-FCDA-4CB2-A27D-CA4EDCD5403B}.Debug|Any CPU.ActiveCfg = Debug|Any CPU
		{49E097D0-FCDA-4CB2-A27D-CA4EDCD5403B}.Debug|Any CPU.Build.0 = Debug|Any CPU
		{49E097D0-FCDA-4CB2-A27D-CA4EDCD5403B}.Release|Any CPU.ActiveCfg = Release|Any CPU
		{49E097D0-FCDA-4CB2-A27D-CA4EDCD5403B}.Release|Any CPU.Build.0 = Release|Any CPU
		{5BAE93E8-A48C-48F6-8726-C65379B22658}.Debug|Any CPU.ActiveCfg = Debug|Any CPU
		{5BAE93E8-A48C-48F6-8726-C65379B22658}.Debug|Any CPU.Build.0 = Debug|Any CPU
		{5BAE93E8-A48C-48F6-8726-C65379B22658}.Release|Any CPU.ActiveCfg = Release|Any CPU
		{5BAE93E8-A48C-48F6-8726-C65379B22658}.Release|Any CPU.Build.0 = Release|Any CPU
		{6E1C506F-A613-459C-BAA2-F8A412680C1E}.Debug|Any CPU.ActiveCfg = Debug|Any CPU
		{6E1C506F-A613-459C-BAA2-F8A412680C1E}.Debug|Any CPU.Build.0 = Debug|Any CPU
		{6E1C506F-A613-459C-BAA2-F8A412680C1E}.Release|Any CPU.ActiveCfg = Release|Any CPU
		{6E1C506F-A613-459C-BAA2-F8A412680C1E}.Release|Any CPU.Build.0 = Release|Any CPU
		{385277E9-FA49-45C1-8D6F-8696B5323B7E}.Debug|Any CPU.ActiveCfg = Debug|Any CPU
		{385277E9-FA49-45C1-8D6F-8696B5323B7E}.Debug|Any CPU.Build.0 = Debug|Any CPU
		{385277E9-FA49-45C1-8D6F-8696B5323B7E}.Release|Any CPU.ActiveCfg = Release|Any CPU
		{385277E9-FA49-45C1-8D6F-8696B5323B7E}.Release|Any CPU.Build.0 = Release|Any CPU
		{5C700A69-C208-4B0A-A78E-BA681015EDB7}.Debug|Any CPU.ActiveCfg = Debug|Any CPU
		{5C700A69-C208-4B0A-A78E-BA681015EDB7}.Debug|Any CPU.Build.0 = Debug|Any CPU
		{5C700A69-C208-4B0A-A78E-BA681015EDB7}.Release|Any CPU.ActiveCfg = Release|Any CPU
		{5C700A69-C208-4B0A-A78E-BA681015EDB7}.Release|Any CPU.Build.0 = Release|Any CPU
		{349E7E3F-0050-4728-A5D5-8A7ADD0F9FAF}.Debug|Any CPU.ActiveCfg = Debug|Any CPU
		{349E7E3F-0050-4728-A5D5-8A7ADD0F9FAF}.Debug|Any CPU.Build.0 = Debug|Any CPU
		{349E7E3F-0050-4728-A5D5-8A7ADD0F9FAF}.Release|Any CPU.ActiveCfg = Release|Any CPU
		{349E7E3F-0050-4728-A5D5-8A7ADD0F9FAF}.Release|Any CPU.Build.0 = Release|Any CPU
		{40C744D9-1D18-43BE-9A9A-511BA2EAAFD6}.Debug|Any CPU.ActiveCfg = Debug|Any CPU
		{40C744D9-1D18-43BE-9A9A-511BA2EAAFD6}.Debug|Any CPU.Build.0 = Debug|Any CPU
		{40C744D9-1D18-43BE-9A9A-511BA2EAAFD6}.Release|Any CPU.ActiveCfg = Release|Any CPU
		{40C744D9-1D18-43BE-9A9A-511BA2EAAFD6}.Release|Any CPU.Build.0 = Release|Any CPU
		{BF08EF30-A60B-40E1-8FAE-243E964ECBB6}.Debug|Any CPU.ActiveCfg = Debug|Any CPU
		{BF08EF30-A60B-40E1-8FAE-243E964ECBB6}.Debug|Any CPU.Build.0 = Debug|Any CPU
		{BF08EF30-A60B-40E1-8FAE-243E964ECBB6}.Release|Any CPU.ActiveCfg = Release|Any CPU
		{BF08EF30-A60B-40E1-8FAE-243E964ECBB6}.Release|Any CPU.Build.0 = Release|Any CPU
		{F3918067-F289-4990-BFF6-A9D7064601BA}.Debug|Any CPU.ActiveCfg = Debug|Any CPU
		{F3918067-F289-4990-BFF6-A9D7064601BA}.Debug|Any CPU.Build.0 = Debug|Any CPU
		{F3918067-F289-4990-BFF6-A9D7064601BA}.Release|Any CPU.ActiveCfg = Release|Any CPU
		{F3918067-F289-4990-BFF6-A9D7064601BA}.Release|Any CPU.Build.0 = Release|Any CPU
		{360996BC-89FB-4906-8AE3-77380EA9BE08}.Debug|Any CPU.ActiveCfg = Debug|Any CPU
		{360996BC-89FB-4906-8AE3-77380EA9BE08}.Debug|Any CPU.Build.0 = Debug|Any CPU
		{360996BC-89FB-4906-8AE3-77380EA9BE08}.Release|Any CPU.ActiveCfg = Release|Any CPU
		{360996BC-89FB-4906-8AE3-77380EA9BE08}.Release|Any CPU.Build.0 = Release|Any CPU
		{BAA5456F-1086-4694-AC6A-E54198CC7765}.Debug|Any CPU.ActiveCfg = Debug|Any CPU
		{BAA5456F-1086-4694-AC6A-E54198CC7765}.Debug|Any CPU.Build.0 = Debug|Any CPU
		{BAA5456F-1086-4694-AC6A-E54198CC7765}.Release|Any CPU.ActiveCfg = Release|Any CPU
		{BAA5456F-1086-4694-AC6A-E54198CC7765}.Release|Any CPU.Build.0 = Release|Any CPU
		{3740C7D7-3128-4C49-B5B6-49BA04254820}.Debug|Any CPU.ActiveCfg = Debug|Any CPU
		{3740C7D7-3128-4C49-B5B6-49BA04254820}.Debug|Any CPU.Build.0 = Debug|Any CPU
		{3740C7D7-3128-4C49-B5B6-49BA04254820}.Release|Any CPU.ActiveCfg = Release|Any CPU
		{3740C7D7-3128-4C49-B5B6-49BA04254820}.Release|Any CPU.Build.0 = Release|Any CPU
	EndGlobalSection
	GlobalSection(SolutionProperties) = preSolution
		HideSolutionNode = FALSE
	EndGlobalSection
	GlobalSection(NestedProjects) = preSolution
		{ACF5A361-DFCF-4346-921C-060DB79E7F19} = {03FCC7DE-6A2D-4C41-A07D-B5A797B98C74}
		{49E097D0-FCDA-4CB2-A27D-CA4EDCD5403B} = {03FCC7DE-6A2D-4C41-A07D-B5A797B98C74}
		{5BAE93E8-A48C-48F6-8726-C65379B22658} = {03FCC7DE-6A2D-4C41-A07D-B5A797B98C74}
		{6E1C506F-A613-459C-BAA2-F8A412680C1E} = {03FCC7DE-6A2D-4C41-A07D-B5A797B98C74}
		{385277E9-FA49-45C1-8D6F-8696B5323B7E} = {03FCC7DE-6A2D-4C41-A07D-B5A797B98C74}
		{5C700A69-C208-4B0A-A78E-BA681015EDB7} = {03FCC7DE-6A2D-4C41-A07D-B5A797B98C74}
		{360996BC-89FB-4906-8AE3-77380EA9BE08} = {03FCC7DE-6A2D-4C41-A07D-B5A797B98C74}
		{BAA5456F-1086-4694-AC6A-E54198CC7765} = {03FCC7DE-6A2D-4C41-A07D-B5A797B98C74}
		{3740C7D7-3128-4C49-B5B6-49BA04254820} = {03FCC7DE-6A2D-4C41-A07D-B5A797B98C74}
		{349E7E3F-0050-4728-A5D5-8A7ADD0F9FAF} = {DFB1386C-D805-462E-8162-412F277AC567}
		{40C744D9-1D18-43BE-9A9A-511BA2EAAFD6} = {DFB1386C-D805-462E-8162-412F277AC567}
		{BF08EF30-A60B-40E1-8FAE-243E964ECBB6} = {DFB1386C-D805-462E-8162-412F277AC567}
		{F3918067-F289-4990-BFF6-A9D7064601BA} = {DFB1386C-D805-462E-8162-412F277AC567}
	EndGlobalSection
EndGlobal
